// !$*UTF8*$!
{
	archiveVersion = 1;
	classes = {
	};
	objectVersion = 50;
	objects = {

/* Begin PBXBuildFile section */
		3004A2AC226DF8FE00E3A826 /* VideoPlayer.swift in Sources */ = {isa = PBXBuildFile; fileRef = 3004A2AB226DF8FE00E3A826 /* VideoPlayer.swift */; };
		3005DC64219B767D0002F6A1 /* PlayerControlView.swift in Sources */ = {isa = PBXBuildFile; fileRef = 3005DC63219B767D0002F6A1 /* PlayerControlView.swift */; };
		300F296721D59F2900C9B0B0 /* Video.swift in Sources */ = {isa = PBXBuildFile; fileRef = 300F296621D59F2900C9B0B0 /* Video.swift */; };
		300F296921D6C80600C9B0B0 /* Default-568h@2x.png in Resources */ = {isa = PBXBuildFile; fileRef = 300F296821D6C80600C9B0B0 /* Default-568h@2x.png */; };
		3014040B2275D570006AEE37 /* WebSignInViewController.swift in Sources */ = {isa = PBXBuildFile; fileRef = 3014040A2275D570006AEE37 /* WebSignInViewController.swift */; };
		302182BF226F5EE600EDE0D2 /* SimpleVideoListViewController.swift in Sources */ = {isa = PBXBuildFile; fileRef = 302182BE226F5EE600EDE0D2 /* SimpleVideoListViewController.swift */; };
		302D03FF216E197A009FC2E5 /* AppDelegate.swift in Sources */ = {isa = PBXBuildFile; fileRef = 302D03FE216E197A009FC2E5 /* AppDelegate.swift */; };
		302D0404216E197A009FC2E5 /* Main.storyboard in Resources */ = {isa = PBXBuildFile; fileRef = 302D0402216E197A009FC2E5 /* Main.storyboard */; };
		302D0406216E197C009FC2E5 /* Assets.xcassets in Resources */ = {isa = PBXBuildFile; fileRef = 302D0405216E197C009FC2E5 /* Assets.xcassets */; };
		302D0409216E197C009FC2E5 /* LaunchScreen.storyboard in Resources */ = {isa = PBXBuildFile; fileRef = 302D0407216E197C009FC2E5 /* LaunchScreen.storyboard */; };
		302D0417216E7535009FC2E5 /* SimpleRegexMatcher.swift in Sources */ = {isa = PBXBuildFile; fileRef = 302D0416216E7535009FC2E5 /* SimpleRegexMatcher.swift */; };
		302FB83E21D5886B00A82363 /* DateFormatter+ISO8601Full.swift in Sources */ = {isa = PBXBuildFile; fileRef = 302FB83D21D5886B00A82363 /* DateFormatter+ISO8601Full.swift */; };
		302FB84021D58A8A00A82363 /* VideoAPI.swift in Sources */ = {isa = PBXBuildFile; fileRef = 302FB83F21D58A8A00A82363 /* VideoAPI.swift */; };
		3034ACC321E529C7000F06A9 /* YoutubeURLParser.swift in Sources */ = {isa = PBXBuildFile; fileRef = 3034ACC221E529C7000F06A9 /* YoutubeURLParser.swift */; };
		30370F57217735A200B35ACF /* YoutubeKit.framework in Frameworks */ = {isa = PBXBuildFile; fileRef = 30370F56217735A200B35ACF /* YoutubeKit.framework */; };
		30370F59217735FB00B35ACF /* YoutubeKit.framework in CopyFiles */ = {isa = PBXBuildFile; fileRef = 30370F56217735A200B35ACF /* YoutubeKit.framework */; settings = {ATTRIBUTES = (CodeSignOnCopy, RemoveHeadersOnCopy, ); }; };
		30370F612177769800B35ACF /* String+FancyFormatting.swift in Sources */ = {isa = PBXBuildFile; fileRef = 30370F602177769800B35ACF /* String+FancyFormatting.swift */; };
		3066682821E7D057001B01C7 /* Settings.bundle in Resources */ = {isa = PBXBuildFile; fileRef = 3066682721E7D057001B01C7 /* Settings.bundle */; };
		30988C1F21DEBF5C0070D14A /* TubeTender.xcdatamodeld in Sources */ = {isa = PBXBuildFile; fileRef = 30988C1D21DEBF5C0070D14A /* TubeTender.xcdatamodeld */; };
		30988C2121DEC0BD0070D14A /* CoreStore.framework in Frameworks */ = {isa = PBXBuildFile; fileRef = 30988C2021DEC0BC0070D14A /* CoreStore.framework */; };
		30988C2221DEC0C70070D14A /* CoreStore.framework in CopyFiles */ = {isa = PBXBuildFile; fileRef = 30988C2021DEC0BC0070D14A /* CoreStore.framework */; settings = {ATTRIBUTES = (CodeSignOnCopy, RemoveHeadersOnCopy, ); }; };
		30A81A3721D539F600FBE8EE /* VideoViewController.swift in Sources */ = {isa = PBXBuildFile; fileRef = 30A81A3621D539F600FBE8EE /* VideoViewController.swift */; };
		30A81A3A21D53A7D00FBE8EE /* VideoMetadataViewController.swift in Sources */ = {isa = PBXBuildFile; fileRef = 30A81A3921D53A7D00FBE8EE /* VideoMetadataViewController.swift */; };
		30A81A3E21D53E9500FBE8EE /* VideoMetadataView.swift in Sources */ = {isa = PBXBuildFile; fileRef = 30A81A3D21D53E9500FBE8EE /* VideoMetadataView.swift */; };
		30ABE214218F928A00E4FEA4 /* ArrayComparable.swift in Sources */ = {isa = PBXBuildFile; fileRef = 30ABE213218F928A00E4FEA4 /* ArrayComparable.swift */; };
		30ABE219218F965500E4FEA4 /* StreamMetadata.swift in Sources */ = {isa = PBXBuildFile; fileRef = 30ABE218218F965500E4FEA4 /* StreamMetadata.swift */; };
		30ABE2212190B48E00E4FEA4 /* PlayerViewController.swift in Sources */ = {isa = PBXBuildFile; fileRef = 30ABE2202190B48E00E4FEA4 /* PlayerViewController.swift */; };
		30B03AC221E68A45007B3E38 /* UIRebindableTableViewCell.swift in Sources */ = {isa = PBXBuildFile; fileRef = 30B03AC121E68A45007B3E38 /* UIRebindableTableViewCell.swift */; };
		30B1EB4B21DC0E9800B16CA2 /* DownloadButton.framework in Frameworks */ = {isa = PBXBuildFile; fileRef = 30B1EB4A21DC0E9800B16CA2 /* DownloadButton.framework */; };
		30B1EB4C21DC0EA300B16CA2 /* DownloadButton.framework in CopyFiles */ = {isa = PBXBuildFile; fileRef = 30B1EB4A21DC0E9800B16CA2 /* DownloadButton.framework */; settings = {ATTRIBUTES = (CodeSignOnCopy, RemoveHeadersOnCopy, ); }; };
		30B338B521E27F66001FC825 /* ReactiveCocoa.framework in CopyFiles */ = {isa = PBXBuildFile; fileRef = 30B338B421E27F65001FC825 /* ReactiveCocoa.framework */; settings = {ATTRIBUTES = (CodeSignOnCopy, RemoveHeadersOnCopy, ); }; };
		30B338B621E27F7D001FC825 /* ReactiveCocoa.framework in Frameworks */ = {isa = PBXBuildFile; fileRef = 30B338B421E27F65001FC825 /* ReactiveCocoa.framework */; };
		30B338B821E28021001FC825 /* SnapKit.framework in Frameworks */ = {isa = PBXBuildFile; fileRef = 30B338B721E28021001FC825 /* SnapKit.framework */; };
		30B338B921E28033001FC825 /* SnapKit.framework in CopyFiles */ = {isa = PBXBuildFile; fileRef = 30B338B721E28021001FC825 /* SnapKit.framework */; settings = {ATTRIBUTES = (CodeSignOnCopy, RemoveHeadersOnCopy, ); }; };
		30B8BBCC21E4EB5F0044E592 /* CocoaAction+Closure.swift in Sources */ = {isa = PBXBuildFile; fileRef = 30B8BBCB21E4EB5F0044E592 /* CocoaAction+Closure.swift */; };
		30BAB76021787D0D00B01953 /* GoogleSignIn.framework in Frameworks */ = {isa = PBXBuildFile; fileRef = 30BAB75F21787D0D00B01953 /* GoogleSignIn.framework */; };
		30BAB76121787D1700B01953 /* GoogleSignIn.framework in CopyFiles */ = {isa = PBXBuildFile; fileRef = 30BAB75F21787D0D00B01953 /* GoogleSignIn.framework */; settings = {ATTRIBUTES = (CodeSignOnCopy, RemoveHeadersOnCopy, ); }; };
		30BAB76321787EB100B01953 /* SignInViewController.swift in Sources */ = {isa = PBXBuildFile; fileRef = 30BAB76221787EB100B01953 /* SignInViewController.swift */; };
		30BAB765217893E400B01953 /* SubscriptionFeedAPI.swift in Sources */ = {isa = PBXBuildFile; fileRef = 30BAB764217893E400B01953 /* SubscriptionFeedAPI.swift */; };
		30BAB76B2178B47A00B01953 /* SubscriptionFeedViewController.swift in Sources */ = {isa = PBXBuildFile; fileRef = 30BAB76A2178B47A00B01953 /* SubscriptionFeedViewController.swift */; };
		30BAB7752178BBC500B01953 /* VideoListTableCell.swift in Sources */ = {isa = PBXBuildFile; fileRef = 30BAB7742178BBC500B01953 /* VideoListTableCell.swift */; };
		30BAB7772178C96300B01953 /* Kingfisher.framework in Frameworks */ = {isa = PBXBuildFile; fileRef = 30BAB7762178C96300B01953 /* Kingfisher.framework */; };
		30BAB7782178C96C00B01953 /* Kingfisher.framework in CopyFiles */ = {isa = PBXBuildFile; fileRef = 30BAB7762178C96300B01953 /* Kingfisher.framework */; settings = {ATTRIBUTES = (CodeSignOnCopy, RemoveHeadersOnCopy, ); }; };
		30BAB77A2178CDFF00B01953 /* Date+Since.swift in Sources */ = {isa = PBXBuildFile; fileRef = 30BAB7792178CDFF00B01953 /* Date+Since.swift */; };
		30BE79BB216FF73F00E6B281 /* AnimatablePlayButton.swift in Sources */ = {isa = PBXBuildFile; fileRef = 30BE79BA216FF73F00E6B281 /* AnimatablePlayButton.swift */; };
		30C2112C226BA57B00892173 /* DataReader.swift in Sources */ = {isa = PBXBuildFile; fileRef = 30C21126226BA56900892173 /* DataReader.swift */; };
		30C2112D226BA57B00892173 /* VideoStreamAPI.swift in Sources */ = {isa = PBXBuildFile; fileRef = 30C21127226BA56D00892173 /* VideoStreamAPI.swift */; };
		30C2112E226BA57B00892173 /* SegmentInformation.swift in Sources */ = {isa = PBXBuildFile; fileRef = 30C21128226BA57100892173 /* SegmentInformation.swift */; };
		30C2112F226BA57B00892173 /* HLSBuilder.swift in Sources */ = {isa = PBXBuildFile; fileRef = 30C21129226BA57400892173 /* HLSBuilder.swift */; };
		30C21130226BA57B00892173 /* StreamDescriptor.swift in Sources */ = {isa = PBXBuildFile; fileRef = 30C2112A226BA57700892173 /* StreamDescriptor.swift */; };
		30C21131226BA57B00892173 /* HLSServer.swift in Sources */ = {isa = PBXBuildFile; fileRef = 30C2112B226BA57B00892173 /* HLSServer.swift */; };
		30D0490A21E754EE0077E80C /* CommandCenter.swift in Sources */ = {isa = PBXBuildFile; fileRef = 30D0490921E754EE0077E80C /* CommandCenter.swift */; };
		30D91B70218F6C810020C814 /* ReactiveSwift.framework in CopyFiles */ = {isa = PBXBuildFile; fileRef = 30D91B6E218F6C810020C814 /* ReactiveSwift.framework */; settings = {ATTRIBUTES = (CodeSignOnCopy, RemoveHeadersOnCopy, ); }; };
		30D91B72218F6CB40020C814 /* ReactiveSwift.framework in Frameworks */ = {isa = PBXBuildFile; fileRef = 30D91B6E218F6C810020C814 /* ReactiveSwift.framework */; };
		30DA13E721E3C593000B2638 /* SignalProducer+Cache.swift in Sources */ = {isa = PBXBuildFile; fileRef = 30DA13E621E3C593000B2638 /* SignalProducer+Cache.swift */; };
		30DA13E921E3C6EB000B2638 /* Constants.swift in Sources */ = {isa = PBXBuildFile; fileRef = 30DA13E821E3C6EB000B2638 /* Constants.swift */; };
		30E3063521E7E13A008C6ECB /* Settings.swift in Sources */ = {isa = PBXBuildFile; fileRef = 30E3063421E7E13A008C6ECB /* Settings.swift */; };
		30E3063721E8C2C3008C6ECB /* Reachability.swift in Sources */ = {isa = PBXBuildFile; fileRef = 30E3063621E8C2C3008C6ECB /* Reachability.swift */; };
		30E3063921E8DC7C008C6ECB /* ButtonStackView.swift in Sources */ = {isa = PBXBuildFile; fileRef = 30E3063821E8DC7C008C6ECB /* ButtonStackView.swift */; };
		30E3063B21E90AAF008C6ECB /* RadialGradientLayer.swift in Sources */ = {isa = PBXBuildFile; fileRef = 30E3063A21E90AAF008C6ECB /* RadialGradientLayer.swift */; };
		30F2E38721DCFAF9005EFCA9 /* DownloadManager.swift in Sources */ = {isa = PBXBuildFile; fileRef = 30F2E38621DCFAF9005EFCA9 /* DownloadManager.swift */; };
		30F2E38921DD059D005EFCA9 /* Alamofire.framework in Frameworks */ = {isa = PBXBuildFile; fileRef = 30F2E38821DD059D005EFCA9 /* Alamofire.framework */; };
		30F2E38A21DD05A5005EFCA9 /* Alamofire.framework in CopyFiles */ = {isa = PBXBuildFile; fileRef = 30F2E38821DD059D005EFCA9 /* Alamofire.framework */; settings = {ATTRIBUTES = (CodeSignOnCopy, RemoveHeadersOnCopy, ); }; };
		30F2E38C21DD4D14005EFCA9 /* Alamofire+Reactive.swift in Sources */ = {isa = PBXBuildFile; fileRef = 30F2E38B21DD4D14005EFCA9 /* Alamofire+Reactive.swift */; };
		30F48900219CD3E1002FAE36 /* SplitViewController.swift in Sources */ = {isa = PBXBuildFile; fileRef = 30F488FF219CD3E0002FAE36 /* SplitViewController.swift */; };
		30F66C7021DF78E300BBBBD8 /* VideoDownloadButtonViewController.swift in Sources */ = {isa = PBXBuildFile; fileRef = 30F66C6F21DF78E300BBBBD8 /* VideoDownloadButtonViewController.swift */; };
		4021444321E5F7FB00AAC670 /* UIAlertController+Reactive.swift in Sources */ = {isa = PBXBuildFile; fileRef = 4021444221E5F7FB00AAC670 /* UIAlertController+Reactive.swift */; };
		4021444721E625E300AAC670 /* GenericVideoListViewController.swift in Sources */ = {isa = PBXBuildFile; fileRef = 4021444621E625E300AAC670 /* GenericVideoListViewController.swift */; };
		4021444A21E631BB00AAC670 /* SearchListViewController.swift in Sources */ = {isa = PBXBuildFile; fileRef = 4021444921E631BB00AAC670 /* SearchListViewController.swift */; };
		4021444C21E63C8500AAC670 /* SearchAPI.swift in Sources */ = {isa = PBXBuildFile; fileRef = 4021444B21E63C8500AAC670 /* SearchAPI.swift */; };
		4021444E21E68E4300AAC670 /* EmptyStateView.swift in Sources */ = {isa = PBXBuildFile; fileRef = 4021444D21E68E4300AAC670 /* EmptyStateView.swift */; };
		4021445121E6AE1D00AAC670 /* QueueListViewController.swift in Sources */ = {isa = PBXBuildFile; fileRef = 4021445021E6AE1D00AAC670 /* QueueListViewController.swift */; };
		40491176226F9B9B005A6454 /* Logger.swift in Sources */ = {isa = PBXBuildFile; fileRef = 40491175226F9B9B005A6454 /* Logger.swift */; };
		40491178226FAAE1005A6454 /* AVPlayerView.swift in Sources */ = {isa = PBXBuildFile; fileRef = 40491177226FAAE1005A6454 /* AVPlayerView.swift */; };
		4049117A226FACF7005A6454 /* VideoPlayer+CommandCenterDelegate.swift in Sources */ = {isa = PBXBuildFile; fileRef = 40491179226FACF7005A6454 /* VideoPlayer+CommandCenterDelegate.swift */; };
		40822CB521E3F8A900903390 /* Kingfisher+Reactive.swift in Sources */ = {isa = PBXBuildFile; fileRef = 40822CB421E3F8A900903390 /* Kingfisher+Reactive.swift */; };
		40822CBB21E4FE8700903390 /* UIView+Blur.swift in Sources */ = {isa = PBXBuildFile; fileRef = 40822CBA21E4FE8700903390 /* UIView+Blur.swift */; };
		408C524C21E54554007B2DD2 /* IncomingVideoReceiver.swift in Sources */ = {isa = PBXBuildFile; fileRef = 408C524B21E54554007B2DD2 /* IncomingVideoReceiver.swift */; };
		408C524E21E55903007B2DD2 /* DurationView.swift in Sources */ = {isa = PBXBuildFile; fileRef = 408C524D21E55903007B2DD2 /* DurationView.swift */; };
		40E2E1EF21E28D21007EA359 /* ApiSession+Reactive.swift in Sources */ = {isa = PBXBuildFile; fileRef = 40E2E1EE21E28D21007EA359 /* ApiSession+Reactive.swift */; };
		40E2E1F321E292D5007EA359 /* YoutubeClient.swift in Sources */ = {isa = PBXBuildFile; fileRef = 40E2E1F221E292D5007EA359 /* YoutubeClient.swift */; };
		40E2E1F521E29383007EA359 /* ChannelAPI.swift in Sources */ = {isa = PBXBuildFile; fileRef = 40E2E1F421E29383007EA359 /* ChannelAPI.swift */; };
		40E2E1F721E3E2FA007EA359 /* Result.swift in Sources */ = {isa = PBXBuildFile; fileRef = 40E2E1F621E3E2FA007EA359 /* Result.swift */; };
		40E2E1F921E3E7AE007EA359 /* Optional+Error.swift in Sources */ = {isa = PBXBuildFile; fileRef = 40E2E1F821E3E7AE007EA359 /* Optional+Error.swift */; };
/* End PBXBuildFile section */

/* Begin PBXCopyFilesBuildPhase section */
		30370F58217735EF00B35ACF /* CopyFiles */ = {
			isa = PBXCopyFilesBuildPhase;
			buildActionMask = 2147483647;
			dstPath = "";
			dstSubfolderSpec = 10;
			files = (
				30B338B921E28033001FC825 /* SnapKit.framework in CopyFiles */,
				30B338B521E27F66001FC825 /* ReactiveCocoa.framework in CopyFiles */,
				30988C2221DEC0C70070D14A /* CoreStore.framework in CopyFiles */,
				30F2E38A21DD05A5005EFCA9 /* Alamofire.framework in CopyFiles */,
				30B1EB4C21DC0EA300B16CA2 /* DownloadButton.framework in CopyFiles */,
				30D91B70218F6C810020C814 /* ReactiveSwift.framework in CopyFiles */,
				30BAB7782178C96C00B01953 /* Kingfisher.framework in CopyFiles */,
				30BAB76121787D1700B01953 /* GoogleSignIn.framework in CopyFiles */,
				30370F59217735FB00B35ACF /* YoutubeKit.framework in CopyFiles */,
			);
			runOnlyForDeploymentPostprocessing = 0;
		};
/* End PBXCopyFilesBuildPhase section */

/* Begin PBXFileReference section */
		3004A2AB226DF8FE00E3A826 /* VideoPlayer.swift */ = {isa = PBXFileReference; lastKnownFileType = sourcecode.swift; path = VideoPlayer.swift; sourceTree = "<group>"; };
		3005DC63219B767D0002F6A1 /* PlayerControlView.swift */ = {isa = PBXFileReference; lastKnownFileType = sourcecode.swift; path = PlayerControlView.swift; sourceTree = "<group>"; };
		300F296621D59F2900C9B0B0 /* Video.swift */ = {isa = PBXFileReference; lastKnownFileType = sourcecode.swift; path = Video.swift; sourceTree = "<group>"; };
		300F296821D6C80600C9B0B0 /* Default-568h@2x.png */ = {isa = PBXFileReference; lastKnownFileType = image.png; path = "Default-568h@2x.png"; sourceTree = "<group>"; };
		3014040A2275D570006AEE37 /* WebSignInViewController.swift */ = {isa = PBXFileReference; lastKnownFileType = sourcecode.swift; path = WebSignInViewController.swift; sourceTree = "<group>"; };
		302182BE226F5EE600EDE0D2 /* SimpleVideoListViewController.swift */ = {isa = PBXFileReference; lastKnownFileType = sourcecode.swift; path = SimpleVideoListViewController.swift; sourceTree = "<group>"; };
		302D03FB216E197A009FC2E5 /* TubeTender.app */ = {isa = PBXFileReference; explicitFileType = wrapper.application; includeInIndex = 0; path = TubeTender.app; sourceTree = BUILT_PRODUCTS_DIR; };
		302D03FE216E197A009FC2E5 /* AppDelegate.swift */ = {isa = PBXFileReference; lastKnownFileType = sourcecode.swift; path = AppDelegate.swift; sourceTree = "<group>"; };
		302D0403216E197A009FC2E5 /* Base */ = {isa = PBXFileReference; lastKnownFileType = file.storyboard; name = Base; path = Base.lproj/Main.storyboard; sourceTree = "<group>"; };
		302D0405216E197C009FC2E5 /* Assets.xcassets */ = {isa = PBXFileReference; lastKnownFileType = folder.assetcatalog; path = Assets.xcassets; sourceTree = "<group>"; };
		302D0408216E197C009FC2E5 /* Base */ = {isa = PBXFileReference; lastKnownFileType = file.storyboard; name = Base; path = Base.lproj/LaunchScreen.storyboard; sourceTree = "<group>"; };
		302D040A216E197C009FC2E5 /* Info.plist */ = {isa = PBXFileReference; lastKnownFileType = text.plist.xml; path = Info.plist; sourceTree = "<group>"; };
		302D0416216E7535009FC2E5 /* SimpleRegexMatcher.swift */ = {isa = PBXFileReference; lastKnownFileType = sourcecode.swift; path = SimpleRegexMatcher.swift; sourceTree = "<group>"; };
		302D0428216F3F17009FC2E5 /* AudioToolbox.framework */ = {isa = PBXFileReference; lastKnownFileType = wrapper.framework; name = AudioToolbox.framework; path = System/Library/Frameworks/AudioToolbox.framework; sourceTree = SDKROOT; };
		302D042A216F3F21009FC2E5 /* AVFoundation.framework */ = {isa = PBXFileReference; lastKnownFileType = wrapper.framework; name = AVFoundation.framework; path = System/Library/Frameworks/AVFoundation.framework; sourceTree = SDKROOT; };
		302D042C216F3F2B009FC2E5 /* CFNetwork.framework */ = {isa = PBXFileReference; lastKnownFileType = wrapper.framework; name = CFNetwork.framework; path = System/Library/Frameworks/CFNetwork.framework; sourceTree = SDKROOT; };
		302D042E216F3F33009FC2E5 /* CoreFoundation.framework */ = {isa = PBXFileReference; lastKnownFileType = wrapper.framework; name = CoreFoundation.framework; path = System/Library/Frameworks/CoreFoundation.framework; sourceTree = SDKROOT; };
		302D0430216F3F3A009FC2E5 /* CoreGraphics.framework */ = {isa = PBXFileReference; lastKnownFileType = wrapper.framework; name = CoreGraphics.framework; path = System/Library/Frameworks/CoreGraphics.framework; sourceTree = SDKROOT; };
		302D0432216F3F41009FC2E5 /* CoreMedia.framework */ = {isa = PBXFileReference; lastKnownFileType = wrapper.framework; name = CoreMedia.framework; path = System/Library/Frameworks/CoreMedia.framework; sourceTree = SDKROOT; };
		302D0434216F3F48009FC2E5 /* CoreText.framework */ = {isa = PBXFileReference; lastKnownFileType = wrapper.framework; name = CoreText.framework; path = System/Library/Frameworks/CoreText.framework; sourceTree = SDKROOT; };
		302D0436216F3F4F009FC2E5 /* CoreVideo.framework */ = {isa = PBXFileReference; lastKnownFileType = wrapper.framework; name = CoreVideo.framework; path = System/Library/Frameworks/CoreVideo.framework; sourceTree = SDKROOT; };
		302D0438216F3F54009FC2E5 /* Foundation.framework */ = {isa = PBXFileReference; lastKnownFileType = wrapper.framework; name = Foundation.framework; path = System/Library/Frameworks/Foundation.framework; sourceTree = SDKROOT; };
		302D043A216F3F5C009FC2E5 /* libbz2.tbd */ = {isa = PBXFileReference; lastKnownFileType = "sourcecode.text-based-dylib-definition"; name = libbz2.tbd; path = usr/lib/libbz2.tbd; sourceTree = SDKROOT; };
		302D043C216F3F64009FC2E5 /* libiconv.tbd */ = {isa = PBXFileReference; lastKnownFileType = "sourcecode.text-based-dylib-definition"; name = libiconv.tbd; path = usr/lib/libiconv.tbd; sourceTree = SDKROOT; };
		302D043E216F3F6B009FC2E5 /* OpenGLES.framework */ = {isa = PBXFileReference; lastKnownFileType = wrapper.framework; name = OpenGLES.framework; path = System/Library/Frameworks/OpenGLES.framework; sourceTree = SDKROOT; };
		302D0440216F3F72009FC2E5 /* QuartzCore.framework */ = {isa = PBXFileReference; lastKnownFileType = wrapper.framework; name = QuartzCore.framework; path = System/Library/Frameworks/QuartzCore.framework; sourceTree = SDKROOT; };
		302D0442216F3F79009FC2E5 /* Security.framework */ = {isa = PBXFileReference; lastKnownFileType = wrapper.framework; name = Security.framework; path = System/Library/Frameworks/Security.framework; sourceTree = SDKROOT; };
		302D0444216F3F7F009FC2E5 /* VideoToolbox.framework */ = {isa = PBXFileReference; lastKnownFileType = wrapper.framework; name = VideoToolbox.framework; path = System/Library/Frameworks/VideoToolbox.framework; sourceTree = SDKROOT; };
		302D0446216F3F85009FC2E5 /* UIKit.framework */ = {isa = PBXFileReference; lastKnownFileType = wrapper.framework; name = UIKit.framework; path = System/Library/Frameworks/UIKit.framework; sourceTree = SDKROOT; };
		302D0448216F51F4009FC2E5 /* libc++.tbd */ = {isa = PBXFileReference; lastKnownFileType = "sourcecode.text-based-dylib-definition"; name = "libc++.tbd"; path = "usr/lib/libc++.tbd"; sourceTree = SDKROOT; };
		302FB83D21D5886B00A82363 /* DateFormatter+ISO8601Full.swift */ = {isa = PBXFileReference; lastKnownFileType = sourcecode.swift; path = "DateFormatter+ISO8601Full.swift"; sourceTree = "<group>"; };
		302FB83F21D58A8A00A82363 /* VideoAPI.swift */ = {isa = PBXFileReference; lastKnownFileType = sourcecode.swift; path = VideoAPI.swift; sourceTree = "<group>"; };
		3034ACC221E529C7000F06A9 /* YoutubeURLParser.swift */ = {isa = PBXFileReference; lastKnownFileType = sourcecode.swift; path = YoutubeURLParser.swift; sourceTree = "<group>"; };
		30370F56217735A200B35ACF /* YoutubeKit.framework */ = {isa = PBXFileReference; lastKnownFileType = wrapper.framework; name = YoutubeKit.framework; path = Carthage/Build/iOS/YoutubeKit.framework; sourceTree = "<group>"; };
		30370F602177769800B35ACF /* String+FancyFormatting.swift */ = {isa = PBXFileReference; lastKnownFileType = sourcecode.swift; path = "String+FancyFormatting.swift"; sourceTree = "<group>"; };
		3066682721E7D057001B01C7 /* Settings.bundle */ = {isa = PBXFileReference; lastKnownFileType = "wrapper.plug-in"; path = Settings.bundle; sourceTree = "<group>"; };
		30988C1E21DEBF5C0070D14A /* Model.xcdatamodel */ = {isa = PBXFileReference; lastKnownFileType = wrapper.xcdatamodel; path = Model.xcdatamodel; sourceTree = "<group>"; };
		30988C2021DEC0BC0070D14A /* CoreStore.framework */ = {isa = PBXFileReference; lastKnownFileType = wrapper.framework; name = CoreStore.framework; path = Carthage/Build/iOS/CoreStore.framework; sourceTree = "<group>"; };
		30A81A3621D539F600FBE8EE /* VideoViewController.swift */ = {isa = PBXFileReference; lastKnownFileType = sourcecode.swift; path = VideoViewController.swift; sourceTree = "<group>"; };
		30A81A3921D53A7D00FBE8EE /* VideoMetadataViewController.swift */ = {isa = PBXFileReference; lastKnownFileType = sourcecode.swift; path = VideoMetadataViewController.swift; sourceTree = "<group>"; };
		30A81A3D21D53E9500FBE8EE /* VideoMetadataView.swift */ = {isa = PBXFileReference; lastKnownFileType = sourcecode.swift; path = VideoMetadataView.swift; sourceTree = "<group>"; };
		30ABE213218F928A00E4FEA4 /* ArrayComparable.swift */ = {isa = PBXFileReference; lastKnownFileType = sourcecode.swift; path = ArrayComparable.swift; sourceTree = "<group>"; };
		30ABE218218F965500E4FEA4 /* StreamMetadata.swift */ = {isa = PBXFileReference; lastKnownFileType = sourcecode.swift; path = StreamMetadata.swift; sourceTree = "<group>"; };
		30ABE21E21905F5800E4FEA4 /* Queue.swift */ = {isa = PBXFileReference; lastKnownFileType = sourcecode.swift; path = Queue.swift; sourceTree = "<group>"; };
		30ABE2202190B48E00E4FEA4 /* PlayerViewController.swift */ = {isa = PBXFileReference; lastKnownFileType = sourcecode.swift; path = PlayerViewController.swift; sourceTree = "<group>"; };
		30B03AC121E68A45007B3E38 /* UIRebindableTableViewCell.swift */ = {isa = PBXFileReference; lastKnownFileType = sourcecode.swift; path = UIRebindableTableViewCell.swift; sourceTree = "<group>"; };
		30B1EB4A21DC0E9800B16CA2 /* DownloadButton.framework */ = {isa = PBXFileReference; lastKnownFileType = wrapper.framework; name = DownloadButton.framework; path = Carthage/Build/iOS/DownloadButton.framework; sourceTree = "<group>"; };
		30B338B421E27F65001FC825 /* ReactiveCocoa.framework */ = {isa = PBXFileReference; lastKnownFileType = wrapper.framework; name = ReactiveCocoa.framework; path = Carthage/Build/iOS/ReactiveCocoa.framework; sourceTree = "<group>"; };
		30B338B721E28021001FC825 /* SnapKit.framework */ = {isa = PBXFileReference; lastKnownFileType = wrapper.framework; name = SnapKit.framework; path = Carthage/Build/iOS/SnapKit.framework; sourceTree = "<group>"; };
		30B8BBCB21E4EB5F0044E592 /* CocoaAction+Closure.swift */ = {isa = PBXFileReference; lastKnownFileType = sourcecode.swift; path = "CocoaAction+Closure.swift"; sourceTree = "<group>"; };
		30BAB75F21787D0D00B01953 /* GoogleSignIn.framework */ = {isa = PBXFileReference; lastKnownFileType = wrapper.framework; name = GoogleSignIn.framework; path = Carthage/Build/iOS/GoogleSignIn.framework; sourceTree = "<group>"; };
		30BAB76221787EB100B01953 /* SignInViewController.swift */ = {isa = PBXFileReference; lastKnownFileType = sourcecode.swift; path = SignInViewController.swift; sourceTree = "<group>"; };
		30BAB764217893E400B01953 /* SubscriptionFeedAPI.swift */ = {isa = PBXFileReference; lastKnownFileType = sourcecode.swift; path = SubscriptionFeedAPI.swift; sourceTree = "<group>"; };
		30BAB76A2178B47A00B01953 /* SubscriptionFeedViewController.swift */ = {isa = PBXFileReference; lastKnownFileType = sourcecode.swift; path = SubscriptionFeedViewController.swift; sourceTree = "<group>"; };
		30BAB7742178BBC500B01953 /* VideoListTableCell.swift */ = {isa = PBXFileReference; lastKnownFileType = sourcecode.swift; path = VideoListTableCell.swift; sourceTree = "<group>"; };
		30BAB7762178C96300B01953 /* Kingfisher.framework */ = {isa = PBXFileReference; lastKnownFileType = wrapper.framework; name = Kingfisher.framework; path = Carthage/Build/iOS/Kingfisher.framework; sourceTree = "<group>"; };
		30BAB7792178CDFF00B01953 /* Date+Since.swift */ = {isa = PBXFileReference; lastKnownFileType = sourcecode.swift; path = "Date+Since.swift"; sourceTree = "<group>"; };
		30BE79BA216FF73F00E6B281 /* AnimatablePlayButton.swift */ = {isa = PBXFileReference; lastKnownFileType = sourcecode.swift; path = AnimatablePlayButton.swift; sourceTree = "<group>"; };
		30C21126226BA56900892173 /* DataReader.swift */ = {isa = PBXFileReference; fileEncoding = 4; lastKnownFileType = sourcecode.swift; path = DataReader.swift; sourceTree = "<group>"; };
		30C21127226BA56D00892173 /* VideoStreamAPI.swift */ = {isa = PBXFileReference; fileEncoding = 4; lastKnownFileType = sourcecode.swift; path = VideoStreamAPI.swift; sourceTree = "<group>"; };
		30C21128226BA57100892173 /* SegmentInformation.swift */ = {isa = PBXFileReference; fileEncoding = 4; lastKnownFileType = sourcecode.swift; path = SegmentInformation.swift; sourceTree = "<group>"; };
		30C21129226BA57400892173 /* HLSBuilder.swift */ = {isa = PBXFileReference; fileEncoding = 4; lastKnownFileType = sourcecode.swift; path = HLSBuilder.swift; sourceTree = "<group>"; };
		30C2112A226BA57700892173 /* StreamDescriptor.swift */ = {isa = PBXFileReference; fileEncoding = 4; lastKnownFileType = sourcecode.swift; path = StreamDescriptor.swift; sourceTree = "<group>"; };
		30C2112B226BA57B00892173 /* HLSServer.swift */ = {isa = PBXFileReference; fileEncoding = 4; lastKnownFileType = sourcecode.swift; path = HLSServer.swift; sourceTree = "<group>"; };
		30D0490921E754EE0077E80C /* CommandCenter.swift */ = {isa = PBXFileReference; lastKnownFileType = sourcecode.swift; path = CommandCenter.swift; sourceTree = "<group>"; };
		30D91B6E218F6C810020C814 /* ReactiveSwift.framework */ = {isa = PBXFileReference; lastKnownFileType = wrapper.framework; name = ReactiveSwift.framework; path = Carthage/Build/iOS/ReactiveSwift.framework; sourceTree = "<group>"; };
		30DA13E621E3C593000B2638 /* SignalProducer+Cache.swift */ = {isa = PBXFileReference; lastKnownFileType = sourcecode.swift; path = "SignalProducer+Cache.swift"; sourceTree = "<group>"; };
		30DA13E821E3C6EB000B2638 /* Constants.swift */ = {isa = PBXFileReference; lastKnownFileType = sourcecode.swift; path = Constants.swift; sourceTree = "<group>"; };
		30E3063421E7E13A008C6ECB /* Settings.swift */ = {isa = PBXFileReference; lastKnownFileType = sourcecode.swift; path = Settings.swift; sourceTree = "<group>"; };
		30E3063621E8C2C3008C6ECB /* Reachability.swift */ = {isa = PBXFileReference; lastKnownFileType = sourcecode.swift; path = Reachability.swift; sourceTree = "<group>"; };
		30E3063821E8DC7C008C6ECB /* ButtonStackView.swift */ = {isa = PBXFileReference; lastKnownFileType = sourcecode.swift; path = ButtonStackView.swift; sourceTree = "<group>"; };
		30E3063A21E90AAF008C6ECB /* RadialGradientLayer.swift */ = {isa = PBXFileReference; lastKnownFileType = sourcecode.swift; path = RadialGradientLayer.swift; sourceTree = "<group>"; };
		30F2E38621DCFAF9005EFCA9 /* DownloadManager.swift */ = {isa = PBXFileReference; lastKnownFileType = sourcecode.swift; path = DownloadManager.swift; sourceTree = "<group>"; };
		30F2E38821DD059D005EFCA9 /* Alamofire.framework */ = {isa = PBXFileReference; lastKnownFileType = wrapper.framework; name = Alamofire.framework; path = Carthage/Build/iOS/Alamofire.framework; sourceTree = "<group>"; };
		30F2E38B21DD4D14005EFCA9 /* Alamofire+Reactive.swift */ = {isa = PBXFileReference; lastKnownFileType = sourcecode.swift; path = "Alamofire+Reactive.swift"; sourceTree = "<group>"; };
		30F488FF219CD3E0002FAE36 /* SplitViewController.swift */ = {isa = PBXFileReference; lastKnownFileType = sourcecode.swift; path = SplitViewController.swift; sourceTree = "<group>"; };
		30F66C6F21DF78E300BBBBD8 /* VideoDownloadButtonViewController.swift */ = {isa = PBXFileReference; lastKnownFileType = sourcecode.swift; path = VideoDownloadButtonViewController.swift; sourceTree = "<group>"; };
		4021444221E5F7FB00AAC670 /* UIAlertController+Reactive.swift */ = {isa = PBXFileReference; lastKnownFileType = sourcecode.swift; path = "UIAlertController+Reactive.swift"; sourceTree = "<group>"; };
		4021444621E625E300AAC670 /* GenericVideoListViewController.swift */ = {isa = PBXFileReference; lastKnownFileType = sourcecode.swift; path = GenericVideoListViewController.swift; sourceTree = "<group>"; };
		4021444921E631BB00AAC670 /* SearchListViewController.swift */ = {isa = PBXFileReference; lastKnownFileType = sourcecode.swift; path = SearchListViewController.swift; sourceTree = "<group>"; };
		4021444B21E63C8500AAC670 /* SearchAPI.swift */ = {isa = PBXFileReference; lastKnownFileType = sourcecode.swift; path = SearchAPI.swift; sourceTree = "<group>"; };
		4021444D21E68E4300AAC670 /* EmptyStateView.swift */ = {isa = PBXFileReference; lastKnownFileType = sourcecode.swift; path = EmptyStateView.swift; sourceTree = "<group>"; };
		4021445021E6AE1D00AAC670 /* QueueListViewController.swift */ = {isa = PBXFileReference; lastKnownFileType = sourcecode.swift; path = QueueListViewController.swift; sourceTree = "<group>"; };
		40491175226F9B9B005A6454 /* Logger.swift */ = {isa = PBXFileReference; lastKnownFileType = sourcecode.swift; path = Logger.swift; sourceTree = "<group>"; };
		40491177226FAAE1005A6454 /* AVPlayerView.swift */ = {isa = PBXFileReference; lastKnownFileType = sourcecode.swift; path = AVPlayerView.swift; sourceTree = "<group>"; };
		40491179226FACF7005A6454 /* VideoPlayer+CommandCenterDelegate.swift */ = {isa = PBXFileReference; lastKnownFileType = sourcecode.swift; path = "VideoPlayer+CommandCenterDelegate.swift"; sourceTree = "<group>"; };
		40822CB421E3F8A900903390 /* Kingfisher+Reactive.swift */ = {isa = PBXFileReference; lastKnownFileType = sourcecode.swift; path = "Kingfisher+Reactive.swift"; sourceTree = "<group>"; };
		40822CBA21E4FE8700903390 /* UIView+Blur.swift */ = {isa = PBXFileReference; lastKnownFileType = sourcecode.swift; path = "UIView+Blur.swift"; sourceTree = "<group>"; };
		408C524B21E54554007B2DD2 /* IncomingVideoReceiver.swift */ = {isa = PBXFileReference; lastKnownFileType = sourcecode.swift; path = IncomingVideoReceiver.swift; sourceTree = "<group>"; };
		408C524D21E55903007B2DD2 /* DurationView.swift */ = {isa = PBXFileReference; lastKnownFileType = sourcecode.swift; path = DurationView.swift; sourceTree = "<group>"; };
		40E2E1EE21E28D21007EA359 /* ApiSession+Reactive.swift */ = {isa = PBXFileReference; lastKnownFileType = sourcecode.swift; path = "ApiSession+Reactive.swift"; sourceTree = "<group>"; };
		40E2E1F221E292D5007EA359 /* YoutubeClient.swift */ = {isa = PBXFileReference; lastKnownFileType = sourcecode.swift; path = YoutubeClient.swift; sourceTree = "<group>"; };
		40E2E1F421E29383007EA359 /* ChannelAPI.swift */ = {isa = PBXFileReference; fileEncoding = 4; lastKnownFileType = sourcecode.swift; path = ChannelAPI.swift; sourceTree = "<group>"; };
		40E2E1F621E3E2FA007EA359 /* Result.swift */ = {isa = PBXFileReference; lastKnownFileType = sourcecode.swift; path = Result.swift; sourceTree = "<group>"; };
		40E2E1F821E3E7AE007EA359 /* Optional+Error.swift */ = {isa = PBXFileReference; lastKnownFileType = sourcecode.swift; path = "Optional+Error.swift"; sourceTree = "<group>"; };
/* End PBXFileReference section */

/* Begin PBXFrameworksBuildPhase section */
		302D03F8216E197A009FC2E5 /* Frameworks */ = {
			isa = PBXFrameworksBuildPhase;
			buildActionMask = 2147483647;
			files = (
				30B338B821E28021001FC825 /* SnapKit.framework in Frameworks */,
				30B338B621E27F7D001FC825 /* ReactiveCocoa.framework in Frameworks */,
				30988C2121DEC0BD0070D14A /* CoreStore.framework in Frameworks */,
				30F2E38921DD059D005EFCA9 /* Alamofire.framework in Frameworks */,
				30B1EB4B21DC0E9800B16CA2 /* DownloadButton.framework in Frameworks */,
				30D91B72218F6CB40020C814 /* ReactiveSwift.framework in Frameworks */,
				30BAB7772178C96300B01953 /* Kingfisher.framework in Frameworks */,
				30BAB76021787D0D00B01953 /* GoogleSignIn.framework in Frameworks */,
				30370F57217735A200B35ACF /* YoutubeKit.framework in Frameworks */,
			);
			runOnlyForDeploymentPostprocessing = 0;
		};
/* End PBXFrameworksBuildPhase section */

/* Begin PBXGroup section */
		3005DC62219B763D0002F6A1 /* PlayerView */ = {
			isa = PBXGroup;
			children = (
				30ABE2202190B48E00E4FEA4 /* PlayerViewController.swift */,
				3005DC63219B767D0002F6A1 /* PlayerControlView.swift */,
				40491177226FAAE1005A6454 /* AVPlayerView.swift */,
			);
			path = PlayerView;
			sourceTree = "<group>";
		};
		302D03F2216E197A009FC2E5 = {
			isa = PBXGroup;
			children = (
				302D03FD216E197A009FC2E5 /* TubeTender */,
				302D03FC216E197A009FC2E5 /* Products */,
				302D0423216F3D98009FC2E5 /* Frameworks */,
			);
			sourceTree = "<group>";
		};
		302D03FC216E197A009FC2E5 /* Products */ = {
			isa = PBXGroup;
			children = (
				302D03FB216E197A009FC2E5 /* TubeTender.app */,
			);
			name = Products;
			sourceTree = "<group>";
		};
		302D03FD216E197A009FC2E5 /* TubeTender */ = {
			isa = PBXGroup;
			children = (
				302D03FE216E197A009FC2E5 /* AppDelegate.swift */,
				30DA13E821E3C6EB000B2638 /* Constants.swift */,
				408C524B21E54554007B2DD2 /* IncomingVideoReceiver.swift */,
				302D0419216E769C009FC2E5 /* Support Files */,
				302D041A216E76B7009FC2E5 /* Extensions */,
				30370F662177E05D00B35ACF /* Helpers */,
				30A81A3B21D53AF800FBE8EE /* DataSources */,
				3067715621DA5681009AA051 /* Playback */,
				30BAB7692178B44400B01953 /* Views */,
			);
			path = TubeTender;
			sourceTree = "<group>";
		};
		302D0419216E769C009FC2E5 /* Support Files */ = {
			isa = PBXGroup;
			children = (
				302D0402216E197A009FC2E5 /* Main.storyboard */,
				302D0405216E197C009FC2E5 /* Assets.xcassets */,
				302D0407216E197C009FC2E5 /* LaunchScreen.storyboard */,
				300F296821D6C80600C9B0B0 /* Default-568h@2x.png */,
				302D040A216E197C009FC2E5 /* Info.plist */,
				30988C1D21DEBF5C0070D14A /* TubeTender.xcdatamodeld */,
				3066682721E7D057001B01C7 /* Settings.bundle */,
			);
			path = "Support Files";
			sourceTree = "<group>";
		};
		302D041A216E76B7009FC2E5 /* Extensions */ = {
			isa = PBXGroup;
			children = (
				40822CB621E3FD7700903390 /* Reactive */,
				40822CB721E3FDFC00903390 /* Formatting */,
				40822CB821E3FEF000903390 /* TypeHelper */,
				40E2E1F621E3E2FA007EA359 /* Result.swift */,
				40E2E1F821E3E7AE007EA359 /* Optional+Error.swift */,
				40822CBA21E4FE8700903390 /* UIView+Blur.swift */,
			);
			path = Extensions;
			sourceTree = "<group>";
		};
		302D0423216F3D98009FC2E5 /* Frameworks */ = {
			isa = PBXGroup;
			children = (
				30B338B421E27F65001FC825 /* ReactiveCocoa.framework */,
				30B338B721E28021001FC825 /* SnapKit.framework */,
				30988C2021DEC0BC0070D14A /* CoreStore.framework */,
				30F2E38821DD059D005EFCA9 /* Alamofire.framework */,
				30B1EB4A21DC0E9800B16CA2 /* DownloadButton.framework */,
				30D91B6E218F6C810020C814 /* ReactiveSwift.framework */,
				30BAB7762178C96300B01953 /* Kingfisher.framework */,
				30BAB75F21787D0D00B01953 /* GoogleSignIn.framework */,
				30370F56217735A200B35ACF /* YoutubeKit.framework */,
				302D0448216F51F4009FC2E5 /* libc++.tbd */,
				302D0446216F3F85009FC2E5 /* UIKit.framework */,
				302D0444216F3F7F009FC2E5 /* VideoToolbox.framework */,
				302D0442216F3F79009FC2E5 /* Security.framework */,
				302D0440216F3F72009FC2E5 /* QuartzCore.framework */,
				302D043E216F3F6B009FC2E5 /* OpenGLES.framework */,
				302D043C216F3F64009FC2E5 /* libiconv.tbd */,
				302D043A216F3F5C009FC2E5 /* libbz2.tbd */,
				302D0438216F3F54009FC2E5 /* Foundation.framework */,
				302D0436216F3F4F009FC2E5 /* CoreVideo.framework */,
				302D0434216F3F48009FC2E5 /* CoreText.framework */,
				302D0432216F3F41009FC2E5 /* CoreMedia.framework */,
				302D0430216F3F3A009FC2E5 /* CoreGraphics.framework */,
				302D042E216F3F33009FC2E5 /* CoreFoundation.framework */,
				302D042C216F3F2B009FC2E5 /* CFNetwork.framework */,
				302D042A216F3F21009FC2E5 /* AVFoundation.framework */,
				302D0428216F3F17009FC2E5 /* AudioToolbox.framework */,
			);
			name = Frameworks;
			sourceTree = "<group>";
		};
		30370F662177E05D00B35ACF /* Helpers */ = {
			isa = PBXGroup;
			children = (
				30C21126226BA56900892173 /* DataReader.swift */,
				30ABE21E21905F5800E4FEA4 /* Queue.swift */,
				30E3063421E7E13A008C6ECB /* Settings.swift */,
				30E3063621E8C2C3008C6ECB /* Reachability.swift */,
				30E3063A21E90AAF008C6ECB /* RadialGradientLayer.swift */,
				40491175226F9B9B005A6454 /* Logger.swift */,
			);
			path = Helpers;
			sourceTree = "<group>";
		};
		3038424A226F49FD00D7BF7F /* Stream */ = {
			isa = PBXGroup;
			children = (
				30C21127226BA56D00892173 /* VideoStreamAPI.swift */,
				30C2112A226BA57700892173 /* StreamDescriptor.swift */,
				30ABE218218F965500E4FEA4 /* StreamMetadata.swift */,
			);
			path = Stream;
			sourceTree = "<group>";
		};
		3067715621DA5681009AA051 /* Playback */ = {
			isa = PBXGroup;
			children = (
				30D0490921E754EE0077E80C /* CommandCenter.swift */,
				3004A2AB226DF8FE00E3A826 /* VideoPlayer.swift */,
				40491179226FACF7005A6454 /* VideoPlayer+CommandCenterDelegate.swift */,
			);
			path = Playback;
			sourceTree = "<group>";
		};
		30A81A3821D53A5F00FBE8EE /* VideoView */ = {
			isa = PBXGroup;
			children = (
				30A81A3621D539F600FBE8EE /* VideoViewController.swift */,
				30A81A3921D53A7D00FBE8EE /* VideoMetadataViewController.swift */,
				30A81A3D21D53E9500FBE8EE /* VideoMetadataView.swift */,
				30F66C6F21DF78E300BBBBD8 /* VideoDownloadButtonViewController.swift */,
			);
			path = VideoView;
			sourceTree = "<group>";
		};
		30A81A3B21D53AF800FBE8EE /* DataSources */ = {
			isa = PBXGroup;
			children = (
				40E2E1F221E292D5007EA359 /* YoutubeClient.swift */,
				302FB83F21D58A8A00A82363 /* VideoAPI.swift */,
				40E2E1F421E29383007EA359 /* ChannelAPI.swift */,
				4021444B21E63C8500AAC670 /* SearchAPI.swift */,
				30BAB764217893E400B01953 /* SubscriptionFeedAPI.swift */,
				30F2E38621DCFAF9005EFCA9 /* DownloadManager.swift */,
				3038424A226F49FD00D7BF7F /* Stream */,
				30C21119226BA51000892173 /* HLS */,
			);
			path = DataSources;
			sourceTree = "<group>";
		};
		30BAB7692178B44400B01953 /* Views */ = {
			isa = PBXGroup;
			children = (
				30F488FF219CD3E0002FAE36 /* SplitViewController.swift */,
				30BE79BA216FF73F00E6B281 /* AnimatablePlayButton.swift */,
				4021444D21E68E4300AAC670 /* EmptyStateView.swift */,
				30E3063821E8DC7C008C6ECB /* ButtonStackView.swift */,
				40822CB921E3FFBB00903390 /* SignIn */,
				4021444421E623BF00AAC670 /* VideoList */,
				3005DC62219B763D0002F6A1 /* PlayerView */,
				30A81A3821D53A5F00FBE8EE /* VideoView */,
			);
			path = Views;
			sourceTree = "<group>";
		};
		30BAB7732178BB7400B01953 /* SubscriptionFeed */ = {
			isa = PBXGroup;
			children = (
				30BAB76A2178B47A00B01953 /* SubscriptionFeedViewController.swift */,
			);
			path = SubscriptionFeed;
			sourceTree = "<group>";
		};
		30C21119226BA51000892173 /* HLS */ = {
			isa = PBXGroup;
			children = (
				30C21129226BA57400892173 /* HLSBuilder.swift */,
				30C2112B226BA57B00892173 /* HLSServer.swift */,
				30C21128226BA57100892173 /* SegmentInformation.swift */,
			);
			path = HLS;
			sourceTree = "<group>";
		};
		4021444421E623BF00AAC670 /* VideoList */ = {
			isa = PBXGroup;
			children = (
				4021444521E625CC00AAC670 /* GenericList */,
				30BAB7732178BB7400B01953 /* SubscriptionFeed */,
				4021444821E631A200AAC670 /* SearchList */,
				4021444F21E6AE0800AAC670 /* QueueList */,
			);
			path = VideoList;
			sourceTree = "<group>";
		};
		4021444521E625CC00AAC670 /* GenericList */ = {
			isa = PBXGroup;
			children = (
				4021444621E625E300AAC670 /* GenericVideoListViewController.swift */,
				302182BE226F5EE600EDE0D2 /* SimpleVideoListViewController.swift */,
				30BAB7742178BBC500B01953 /* VideoListTableCell.swift */,
				408C524D21E55903007B2DD2 /* DurationView.swift */,
				30B03AC121E68A45007B3E38 /* UIRebindableTableViewCell.swift */,
			);
			path = GenericList;
			sourceTree = "<group>";
		};
		4021444821E631A200AAC670 /* SearchList */ = {
			isa = PBXGroup;
			children = (
				4021444921E631BB00AAC670 /* SearchListViewController.swift */,
			);
			path = SearchList;
			sourceTree = "<group>";
		};
		4021444F21E6AE0800AAC670 /* QueueList */ = {
			isa = PBXGroup;
			children = (
				4021445021E6AE1D00AAC670 /* QueueListViewController.swift */,
			);
			path = QueueList;
			sourceTree = "<group>";
		};
		40822CB621E3FD7700903390 /* Reactive */ = {
			isa = PBXGroup;
			children = (
				30DA13E621E3C593000B2638 /* SignalProducer+Cache.swift */,
				30F2E38B21DD4D14005EFCA9 /* Alamofire+Reactive.swift */,
				40E2E1EE21E28D21007EA359 /* ApiSession+Reactive.swift */,
				40822CB421E3F8A900903390 /* Kingfisher+Reactive.swift */,
				30B8BBCB21E4EB5F0044E592 /* CocoaAction+Closure.swift */,
				4021444221E5F7FB00AAC670 /* UIAlertController+Reactive.swift */,
			);
			path = Reactive;
			sourceTree = "<group>";
		};
		40822CB721E3FDFC00903390 /* Formatting */ = {
			isa = PBXGroup;
			children = (
				300F296621D59F2900C9B0B0 /* Video.swift */,
				30BAB7792178CDFF00B01953 /* Date+Since.swift */,
				302FB83D21D5886B00A82363 /* DateFormatter+ISO8601Full.swift */,
				30370F602177769800B35ACF /* String+FancyFormatting.swift */,
			);
			path = Formatting;
			sourceTree = "<group>";
		};
		40822CB821E3FEF000903390 /* TypeHelper */ = {
			isa = PBXGroup;
			children = (
				302D0416216E7535009FC2E5 /* SimpleRegexMatcher.swift */,
				30ABE213218F928A00E4FEA4 /* ArrayComparable.swift */,
				3034ACC221E529C7000F06A9 /* YoutubeURLParser.swift */,
			);
			path = TypeHelper;
			sourceTree = "<group>";
		};
		40822CB921E3FFBB00903390 /* SignIn */ = {
			isa = PBXGroup;
			children = (
				30BAB76221787EB100B01953 /* SignInViewController.swift */,
				3014040A2275D570006AEE37 /* WebSignInViewController.swift */,
			);
			path = SignIn;
			sourceTree = "<group>";
		};
/* End PBXGroup section */

/* Begin PBXNativeTarget section */
		302D03FA216E197A009FC2E5 /* TubeTender */ = {
			isa = PBXNativeTarget;
			buildConfigurationList = 302D040D216E197C009FC2E5 /* Build configuration list for PBXNativeTarget "TubeTender" */;
			buildPhases = (
				302D03F7216E197A009FC2E5 /* Sources */,
				302D03F8216E197A009FC2E5 /* Frameworks */,
				302D03F9216E197A009FC2E5 /* Resources */,
				30370F58217735EF00B35ACF /* CopyFiles */,
				302D08F021E1725400B28767 /* Strip unwanted architectures from Frameworks */,
				40D7E0E1226F42EA0057D0D0 /* SwiftLint */,
			);
			buildRules = (
			);
			dependencies = (
			);
			name = TubeTender;
			productName = Pivo;
			productReference = 302D03FB216E197A009FC2E5 /* TubeTender.app */;
			productType = "com.apple.product-type.application";
		};
/* End PBXNativeTarget section */

/* Begin PBXProject section */
		302D03F3216E197A009FC2E5 /* Project object */ = {
			isa = PBXProject;
			attributes = {
				LastSwiftUpdateCheck = 1000;
				LastUpgradeCheck = 1000;
				ORGANIZATIONNAME = "Til Blechschmidt";
				TargetAttributes = {
					302D03FA216E197A009FC2E5 = {
						CreatedOnToolsVersion = 10.0;
						LastSwiftMigration = 1020;
						SystemCapabilities = {
							com.apple.BackgroundModes = {
								enabled = 1;
							};
						};
					};
				};
			};
			buildConfigurationList = 302D03F6216E197A009FC2E5 /* Build configuration list for PBXProject "TubeTender" */;
			compatibilityVersion = "Xcode 9.3";
			developmentRegion = en;
			hasScannedForEncodings = 0;
			knownRegions = (
				en,
				Base,
			);
			mainGroup = 302D03F2216E197A009FC2E5;
			productRefGroup = 302D03FC216E197A009FC2E5 /* Products */;
			projectDirPath = "";
			projectRoot = "";
			targets = (
				302D03FA216E197A009FC2E5 /* TubeTender */,
			);
		};
/* End PBXProject section */

/* Begin PBXResourcesBuildPhase section */
		302D03F9216E197A009FC2E5 /* Resources */ = {
			isa = PBXResourcesBuildPhase;
			buildActionMask = 2147483647;
			files = (
				302D0409216E197C009FC2E5 /* LaunchScreen.storyboard in Resources */,
				300F296921D6C80600C9B0B0 /* Default-568h@2x.png in Resources */,
				3066682821E7D057001B01C7 /* Settings.bundle in Resources */,
				302D0406216E197C009FC2E5 /* Assets.xcassets in Resources */,
				302D0404216E197A009FC2E5 /* Main.storyboard in Resources */,
			);
			runOnlyForDeploymentPostprocessing = 0;
		};
/* End PBXResourcesBuildPhase section */

/* Begin PBXShellScriptBuildPhase section */
		302D08F021E1725400B28767 /* Strip unwanted architectures from Frameworks */ = {
			isa = PBXShellScriptBuildPhase;
			buildActionMask = 2147483647;
			files = (
			);
			inputFileListPaths = (
			);
			inputPaths = (
			);
			name = "Strip unwanted architectures from Frameworks";
			outputFileListPaths = (
			);
			outputPaths = (
			);
			runOnlyForDeploymentPostprocessing = 0;
			shellPath = /bin/sh;
			shellScript = "APP_PATH=\"${TARGET_BUILD_DIR}/${WRAPPER_NAME}\"\n\n# This script loops through the frameworks embedded in the application and\n# removes unused architectures.\nfind \"$APP_PATH\" -name '*.framework' -type d | while read -r FRAMEWORK\ndo\nFRAMEWORK_EXECUTABLE_NAME=$(defaults read \"$FRAMEWORK/Info.plist\" CFBundleExecutable)\nFRAMEWORK_EXECUTABLE_PATH=\"$FRAMEWORK/$FRAMEWORK_EXECUTABLE_NAME\"\necho \"Executable is $FRAMEWORK_EXECUTABLE_PATH\"\n\nEXTRACTED_ARCHS=()\n\nfor ARCH in $ARCHS\ndo\necho \"Extracting $ARCH from $FRAMEWORK_EXECUTABLE_NAME\"\nlipo -extract \"$ARCH\" \"$FRAMEWORK_EXECUTABLE_PATH\" -o \"$FRAMEWORK_EXECUTABLE_PATH-$ARCH\"\nEXTRACTED_ARCHS+=(\"$FRAMEWORK_EXECUTABLE_PATH-$ARCH\")\ndone\n\necho \"Merging extracted architectures: ${ARCHS}\"\nlipo -o \"$FRAMEWORK_EXECUTABLE_PATH-merged\" -create \"${EXTRACTED_ARCHS[@]}\"\nrm \"${EXTRACTED_ARCHS[@]}\"\n\necho \"Replacing original executable with thinned version\"\nrm \"$FRAMEWORK_EXECUTABLE_PATH\"\nmv \"$FRAMEWORK_EXECUTABLE_PATH-merged\" \"$FRAMEWORK_EXECUTABLE_PATH\"\n\ndone\n";
		};
		40D7E0E1226F42EA0057D0D0 /* SwiftLint */ = {
			isa = PBXShellScriptBuildPhase;
			buildActionMask = 2147483647;
			files = (
			);
			inputFileListPaths = (
			);
			inputPaths = (
			);
			name = SwiftLint;
			outputFileListPaths = (
			);
			outputPaths = (
			);
			runOnlyForDeploymentPostprocessing = 0;
			shellPath = /bin/sh;
			shellScript = "if which swiftlint >/dev/null; then\n    swiftlint\nelse\n    echo \"error: SwiftLint not installed, download from https://github.com/realm/SwiftLint\"\nfi\n";
		};
/* End PBXShellScriptBuildPhase section */

/* Begin PBXSourcesBuildPhase section */
		302D03F7216E197A009FC2E5 /* Sources */ = {
			isa = PBXSourcesBuildPhase;
			buildActionMask = 2147483647;
			files = (
				30BAB76B2178B47A00B01953 /* SubscriptionFeedViewController.swift in Sources */,
				30C2112E226BA57B00892173 /* SegmentInformation.swift in Sources */,
				30E3063B21E90AAF008C6ECB /* RadialGradientLayer.swift in Sources */,
				30A81A3E21D53E9500FBE8EE /* VideoMetadataView.swift in Sources */,
				4049117A226FACF7005A6454 /* VideoPlayer+CommandCenterDelegate.swift in Sources */,
				30D0490A21E754EE0077E80C /* CommandCenter.swift in Sources */,
				300F296721D59F2900C9B0B0 /* Video.swift in Sources */,
				4021445121E6AE1D00AAC670 /* QueueListViewController.swift in Sources */,
				40822CBB21E4FE8700903390 /* UIView+Blur.swift in Sources */,
				40E2E1F521E29383007EA359 /* ChannelAPI.swift in Sources */,
				40491178226FAAE1005A6454 /* AVPlayerView.swift in Sources */,
				4021444E21E68E4300AAC670 /* EmptyStateView.swift in Sources */,
				30370F612177769800B35ACF /* String+FancyFormatting.swift in Sources */,
				30C21131226BA57B00892173 /* HLSServer.swift in Sources */,
				3004A2AC226DF8FE00E3A826 /* VideoPlayer.swift in Sources */,
				30DA13E721E3C593000B2638 /* SignalProducer+Cache.swift in Sources */,
				30DA13E921E3C6EB000B2638 /* Constants.swift in Sources */,
				30ABE2212190B48E00E4FEA4 /* PlayerViewController.swift in Sources */,
				30E3063521E7E13A008C6ECB /* Settings.swift in Sources */,
				4021444C21E63C8500AAC670 /* SearchAPI.swift in Sources */,
				4021444721E625E300AAC670 /* GenericVideoListViewController.swift in Sources */,
				40491176226F9B9B005A6454 /* Logger.swift in Sources */,
				30ABE214218F928A00E4FEA4 /* ArrayComparable.swift in Sources */,
				302D0417216E7535009FC2E5 /* SimpleRegexMatcher.swift in Sources */,
				30C2112F226BA57B00892173 /* HLSBuilder.swift in Sources */,
				30B8BBCC21E4EB5F0044E592 /* CocoaAction+Closure.swift in Sources */,
				302FB83E21D5886B00A82363 /* DateFormatter+ISO8601Full.swift in Sources */,
				30E3063921E8DC7C008C6ECB /* ButtonStackView.swift in Sources */,
				40822CB521E3F8A900903390 /* Kingfisher+Reactive.swift in Sources */,
				30F66C7021DF78E300BBBBD8 /* VideoDownloadButtonViewController.swift in Sources */,
				30C2112C226BA57B00892173 /* DataReader.swift in Sources */,
				408C524C21E54554007B2DD2 /* IncomingVideoReceiver.swift in Sources */,
				30C21130226BA57B00892173 /* StreamDescriptor.swift in Sources */,
				30ABE219218F965500E4FEA4 /* StreamMetadata.swift in Sources */,
				30A81A3A21D53A7D00FBE8EE /* VideoMetadataViewController.swift in Sources */,
				30988C1F21DEBF5C0070D14A /* TubeTender.xcdatamodeld in Sources */,
				302FB84021D58A8A00A82363 /* VideoAPI.swift in Sources */,
				30F2E38C21DD4D14005EFCA9 /* Alamofire+Reactive.swift in Sources */,
				302182BF226F5EE600EDE0D2 /* SimpleVideoListViewController.swift in Sources */,
				30A81A3721D539F600FBE8EE /* VideoViewController.swift in Sources */,
				30C2112D226BA57B00892173 /* VideoStreamAPI.swift in Sources */,
				30F48900219CD3E1002FAE36 /* SplitViewController.swift in Sources */,
				30E3063721E8C2C3008C6ECB /* Reachability.swift in Sources */,
				30B03AC221E68A45007B3E38 /* UIRebindableTableViewCell.swift in Sources */,
				40E2E1F321E292D5007EA359 /* YoutubeClient.swift in Sources */,
				40E2E1F921E3E7AE007EA359 /* Optional+Error.swift in Sources */,
				302D03FF216E197A009FC2E5 /* AppDelegate.swift in Sources */,
				30BAB76321787EB100B01953 /* SignInViewController.swift in Sources */,
				30F2E38721DCFAF9005EFCA9 /* DownloadManager.swift in Sources */,
				4021444A21E631BB00AAC670 /* SearchListViewController.swift in Sources */,
				30BAB765217893E400B01953 /* SubscriptionFeedAPI.swift in Sources */,
				3005DC64219B767D0002F6A1 /* PlayerControlView.swift in Sources */,
				3014040B2275D570006AEE37 /* WebSignInViewController.swift in Sources */,
				4021444321E5F7FB00AAC670 /* UIAlertController+Reactive.swift in Sources */,
				30BE79BB216FF73F00E6B281 /* AnimatablePlayButton.swift in Sources */,
				40E2E1EF21E28D21007EA359 /* ApiSession+Reactive.swift in Sources */,
				3034ACC321E529C7000F06A9 /* YoutubeURLParser.swift in Sources */,
				30BAB7752178BBC500B01953 /* VideoListTableCell.swift in Sources */,
				40E2E1F721E3E2FA007EA359 /* Result.swift in Sources */,
				408C524E21E55903007B2DD2 /* DurationView.swift in Sources */,
				30BAB77A2178CDFF00B01953 /* Date+Since.swift in Sources */,
			);
			runOnlyForDeploymentPostprocessing = 0;
		};
/* End PBXSourcesBuildPhase section */

/* Begin PBXVariantGroup section */
		302D0402216E197A009FC2E5 /* Main.storyboard */ = {
			isa = PBXVariantGroup;
			children = (
				302D0403216E197A009FC2E5 /* Base */,
			);
			name = Main.storyboard;
			sourceTree = "<group>";
		};
		302D0407216E197C009FC2E5 /* LaunchScreen.storyboard */ = {
			isa = PBXVariantGroup;
			children = (
				302D0408216E197C009FC2E5 /* Base */,
			);
			name = LaunchScreen.storyboard;
			sourceTree = "<group>";
		};
/* End PBXVariantGroup section */

/* Begin XCBuildConfiguration section */
		302D040B216E197C009FC2E5 /* Debug */ = {
			isa = XCBuildConfiguration;
			buildSettings = {
				ALWAYS_SEARCH_USER_PATHS = NO;
				CLANG_ANALYZER_NONNULL = YES;
				CLANG_ANALYZER_NUMBER_OBJECT_CONVERSION = YES_AGGRESSIVE;
				CLANG_CXX_LANGUAGE_STANDARD = "gnu++14";
				CLANG_CXX_LIBRARY = "libc++";
				CLANG_ENABLE_MODULES = YES;
				CLANG_ENABLE_OBJC_ARC = YES;
				CLANG_ENABLE_OBJC_WEAK = YES;
				CLANG_WARN_BLOCK_CAPTURE_AUTORELEASING = YES;
				CLANG_WARN_BOOL_CONVERSION = YES;
				CLANG_WARN_COMMA = YES;
				CLANG_WARN_CONSTANT_CONVERSION = YES;
				CLANG_WARN_DEPRECATED_OBJC_IMPLEMENTATIONS = YES;
				CLANG_WARN_DIRECT_OBJC_ISA_USAGE = YES_ERROR;
				CLANG_WARN_DOCUMENTATION_COMMENTS = YES;
				CLANG_WARN_EMPTY_BODY = YES;
				CLANG_WARN_ENUM_CONVERSION = YES;
				CLANG_WARN_INFINITE_RECURSION = YES;
				CLANG_WARN_INT_CONVERSION = YES;
				CLANG_WARN_NON_LITERAL_NULL_CONVERSION = YES;
				CLANG_WARN_OBJC_IMPLICIT_RETAIN_SELF = YES;
				CLANG_WARN_OBJC_LITERAL_CONVERSION = YES;
				CLANG_WARN_OBJC_ROOT_CLASS = YES_ERROR;
				CLANG_WARN_RANGE_LOOP_ANALYSIS = YES;
				CLANG_WARN_STRICT_PROTOTYPES = YES;
				CLANG_WARN_SUSPICIOUS_MOVE = YES;
				CLANG_WARN_UNGUARDED_AVAILABILITY = YES_AGGRESSIVE;
				CLANG_WARN_UNREACHABLE_CODE = YES;
				CLANG_WARN__DUPLICATE_METHOD_MATCH = YES;
				CODE_SIGN_IDENTITY = "iPhone Developer";
				COPY_PHASE_STRIP = NO;
				DEBUG_INFORMATION_FORMAT = dwarf;
				ENABLE_STRICT_OBJC_MSGSEND = YES;
				ENABLE_TESTABILITY = YES;
				GCC_C_LANGUAGE_STANDARD = gnu11;
				GCC_DYNAMIC_NO_PIC = NO;
				GCC_NO_COMMON_BLOCKS = YES;
				GCC_OPTIMIZATION_LEVEL = 0;
				GCC_PREPROCESSOR_DEFINITIONS = (
					"DEBUG=1",
					"$(inherited)",
				);
				GCC_WARN_64_TO_32_BIT_CONVERSION = YES;
				GCC_WARN_ABOUT_RETURN_TYPE = YES_ERROR;
				GCC_WARN_UNDECLARED_SELECTOR = YES;
				GCC_WARN_UNINITIALIZED_AUTOS = YES_AGGRESSIVE;
				GCC_WARN_UNUSED_FUNCTION = YES;
				GCC_WARN_UNUSED_VARIABLE = YES;
				IPHONEOS_DEPLOYMENT_TARGET = 12.0;
				MTL_ENABLE_DEBUG_INFO = INCLUDE_SOURCE;
				MTL_FAST_MATH = YES;
				ONLY_ACTIVE_ARCH = YES;
				SDKROOT = iphoneos;
				SWIFT_ACTIVE_COMPILATION_CONDITIONS = DEBUG;
				SWIFT_OPTIMIZATION_LEVEL = "-Onone";
			};
			name = Debug;
		};
		302D040C216E197C009FC2E5 /* Release */ = {
			isa = XCBuildConfiguration;
			buildSettings = {
				ALWAYS_SEARCH_USER_PATHS = NO;
				CLANG_ANALYZER_NONNULL = YES;
				CLANG_ANALYZER_NUMBER_OBJECT_CONVERSION = YES_AGGRESSIVE;
				CLANG_CXX_LANGUAGE_STANDARD = "gnu++14";
				CLANG_CXX_LIBRARY = "libc++";
				CLANG_ENABLE_MODULES = YES;
				CLANG_ENABLE_OBJC_ARC = YES;
				CLANG_ENABLE_OBJC_WEAK = YES;
				CLANG_WARN_BLOCK_CAPTURE_AUTORELEASING = YES;
				CLANG_WARN_BOOL_CONVERSION = YES;
				CLANG_WARN_COMMA = YES;
				CLANG_WARN_CONSTANT_CONVERSION = YES;
				CLANG_WARN_DEPRECATED_OBJC_IMPLEMENTATIONS = YES;
				CLANG_WARN_DIRECT_OBJC_ISA_USAGE = YES_ERROR;
				CLANG_WARN_DOCUMENTATION_COMMENTS = YES;
				CLANG_WARN_EMPTY_BODY = YES;
				CLANG_WARN_ENUM_CONVERSION = YES;
				CLANG_WARN_INFINITE_RECURSION = YES;
				CLANG_WARN_INT_CONVERSION = YES;
				CLANG_WARN_NON_LITERAL_NULL_CONVERSION = YES;
				CLANG_WARN_OBJC_IMPLICIT_RETAIN_SELF = YES;
				CLANG_WARN_OBJC_LITERAL_CONVERSION = YES;
				CLANG_WARN_OBJC_ROOT_CLASS = YES_ERROR;
				CLANG_WARN_RANGE_LOOP_ANALYSIS = YES;
				CLANG_WARN_STRICT_PROTOTYPES = YES;
				CLANG_WARN_SUSPICIOUS_MOVE = YES;
				CLANG_WARN_UNGUARDED_AVAILABILITY = YES_AGGRESSIVE;
				CLANG_WARN_UNREACHABLE_CODE = YES;
				CLANG_WARN__DUPLICATE_METHOD_MATCH = YES;
				CODE_SIGN_IDENTITY = "iPhone Developer";
				COPY_PHASE_STRIP = NO;
				DEBUG_INFORMATION_FORMAT = "dwarf-with-dsym";
				ENABLE_NS_ASSERTIONS = NO;
				ENABLE_STRICT_OBJC_MSGSEND = YES;
				GCC_C_LANGUAGE_STANDARD = gnu11;
				GCC_NO_COMMON_BLOCKS = YES;
				GCC_WARN_64_TO_32_BIT_CONVERSION = YES;
				GCC_WARN_ABOUT_RETURN_TYPE = YES_ERROR;
				GCC_WARN_UNDECLARED_SELECTOR = YES;
				GCC_WARN_UNINITIALIZED_AUTOS = YES_AGGRESSIVE;
				GCC_WARN_UNUSED_FUNCTION = YES;
				GCC_WARN_UNUSED_VARIABLE = YES;
				IPHONEOS_DEPLOYMENT_TARGET = 12.0;
				MTL_ENABLE_DEBUG_INFO = NO;
				MTL_FAST_MATH = YES;
				SDKROOT = iphoneos;
				SWIFT_COMPILATION_MODE = wholemodule;
				SWIFT_OPTIMIZATION_LEVEL = "-O";
				VALIDATE_PRODUCT = YES;
			};
			name = Release;
		};
		302D040E216E197C009FC2E5 /* Debug */ = {
			isa = XCBuildConfiguration;
			buildSettings = {
				ASSETCATALOG_COMPILER_APPICON_NAME = AppIcon;
				CODE_SIGN_IDENTITY = "iPhone Developer";
				CODE_SIGN_STYLE = Manual;
				DEVELOPMENT_TEAM = LQWS3ZT7UK;
				ENABLE_BITCODE = NO;
				FRAMEWORK_SEARCH_PATHS = (
					"$(inherited)",
					"$(PROJECT_DIR)/Carthage/Build/iOS",
				);
				INFOPLIST_FILE = "$(SRCROOT)/TubeTender/Support Files/Info.plist";
				IPHONEOS_DEPLOYMENT_TARGET = 12.1;
				LD_RUNPATH_SEARCH_PATHS = (
					"$(inherited)",
					"@executable_path/Frameworks",
				);
				OTHER_SWIFT_FLAGS = "";
				PRODUCT_BUNDLE_IDENTIFIER = de.blechschmidt.TubeTender;
				PRODUCT_NAME = "$(TARGET_NAME)";
				PROVISIONING_PROFILE_SPECIFIER = "TubeTender Debug";
				SWIFT_VERSION = 5.0;
				TARGETED_DEVICE_FAMILY = "1,2";
			};
			name = Debug;
		};
		302D040F216E197C009FC2E5 /* Release */ = {
			isa = XCBuildConfiguration;
			buildSettings = {
				ASSETCATALOG_COMPILER_APPICON_NAME = AppIcon;
				CODE_SIGN_IDENTITY = "iPhone Distribution";
				CODE_SIGN_STYLE = Manual;
				DEBUG_INFORMATION_FORMAT = dwarf;
				DEVELOPMENT_TEAM = LQWS3ZT7UK;
				ENABLE_BITCODE = NO;
				FRAMEWORK_SEARCH_PATHS = (
					"$(inherited)",
					"$(PROJECT_DIR)/Carthage/Build/iOS",
				);
				INFOPLIST_FILE = "$(SRCROOT)/TubeTender/Support Files/Info.plist";
				IPHONEOS_DEPLOYMENT_TARGET = 12.1;
				LD_RUNPATH_SEARCH_PATHS = (
					"$(inherited)",
					"@executable_path/Frameworks",
				);
				OTHER_SWIFT_FLAGS = "";
				PRODUCT_BUNDLE_IDENTIFIER = de.blechschmidt.TubeTender;
				PRODUCT_NAME = "$(TARGET_NAME)";
				PROVISIONING_PROFILE_SPECIFIER = "TubeTender Release";
				SWIFT_VERSION = 5.0;
				TARGETED_DEVICE_FAMILY = "1,2";
			};
			name = Release;
		};
/* End XCBuildConfiguration section */

/* Begin XCConfigurationList section */
		302D03F6216E197A009FC2E5 /* Build configuration list for PBXProject "TubeTender" */ = {
			isa = XCConfigurationList;
			buildConfigurations = (
				302D040B216E197C009FC2E5 /* Debug */,
				302D040C216E197C009FC2E5 /* Release */,
			);
			defaultConfigurationIsVisible = 0;
			defaultConfigurationName = Release;
		};
		302D040D216E197C009FC2E5 /* Build configuration list for PBXNativeTarget "TubeTender" */ = {
			isa = XCConfigurationList;
			buildConfigurations = (
				302D040E216E197C009FC2E5 /* Debug */,
				302D040F216E197C009FC2E5 /* Release */,
			);
			defaultConfigurationIsVisible = 0;
			defaultConfigurationName = Release;
		};
/* End XCConfigurationList section */

/* Begin XCVersionGroup section */
		30988C1D21DEBF5C0070D14A /* TubeTender.xcdatamodeld */ = {
			isa = XCVersionGroup;
			children = (
				30988C1E21DEBF5C0070D14A /* Model.xcdatamodel */,
			);
			currentVersion = 30988C1E21DEBF5C0070D14A /* Model.xcdatamodel */;
			path = TubeTender.xcdatamodeld;
			sourceTree = "<group>";
			versionGroupType = wrapper.xcdatamodel;
		};
/* End XCVersionGroup section */
	};
	rootObject = 302D03F3216E197A009FC2E5 /* Project object */;
}
